
Microsoft Visual Studio Solution File, Format Version 12.00
# Visual Studio Version 17
VisualStudioVersion = 17.0.32014.148
MinimumVisualStudioVersion = 10.0.40219.1
Project("{FAE04EC0-301F-11D3-BF4B-00C04F79EFBC}") = "ponavljanje8", "ponavljanje8\ponavljanje8.csproj", "{F05558D4-F17F-42D8-B31F-F5491BC6DA26}"
EndProject
Global
	GlobalSection(SolutionConfigurationPlatforms) = preSolution
		Debug|Any CPU = Debug|Any CPU
		Release|Any CPU = Release|Any CPU
	EndGlobalSection
	GlobalSection(ProjectConfigurationPlatforms) = postSolution
		{F05558D4-F17F-42D8-B31F-F5491BC6DA26}.Debug|Any CPU.ActiveCfg = Debug|Any CPU
		{F05558D4-F17F-42D8-B31F-F5491BC6DA26}.Debug|Any CPU.Build.0 = Debug|Any CPU
		{F05558D4-F17F-42D8-B31F-F5491BC6DA26}.Release|Any CPU.ActiveCfg = Release|Any CPU
		{F05558D4-F17F-42D8-B31F-F5491BC6DA26}.Release|Any CPU.Build.0 = Release|Any CPU
	EndGlobalSection
	GlobalSection(SolutionProperties) = preSolution
		HideSolutionNode = FALSE
	EndGlobalSection
	GlobalSection(ExtensibilityGlobals) = postSolution
		SolutionGuid = {DF3540C1-FD14-4615-8C35-401B97A38F7D}
	EndGlobalSection
EndGlobal
